
Microsoft Visual Studio Solution File, Format Version 12.00
# Visual Studio Version 17
VisualStudioVersion = 17.11.35219.272
MinimumVisualStudioVersion = 10.0.40219.1
Project("{9A19103F-16F7-4668-BE54-9A1E7A4F7556}") = "RazorLightDemo", "RazorLightDemo.csproj", "{DAFAE713-6B74-4936-B43E-B7CE2154E259}"
EndProject
Global
	GlobalSection(SolutionConfigurationPlatforms) = preSolution
		Debug|Any CPU = Debug|Any CPU
		Release|Any CPU = Release|Any CPU
	EndGlobalSection
	GlobalSection(ProjectConfigurationPlatforms) = postSolution
		{DAFAE713-6B74-4936-B43E-B7CE2154E259}.Debug|Any CPU.ActiveCfg = Debug|Any CPU
		{DAFAE713-6B74-4936-B43E-B7CE2154E259}.Debug|Any CPU.Build.0 = Debug|Any CPU
		{DAFAE713-6B74-4936-B43E-B7CE2154E259}.Release|Any CPU.ActiveCfg = Release|Any CPU
		{DAFAE713-6B74-4936-B43E-B7CE2154E259}.Release|Any CPU.Build.0 = Release|Any CPU
	EndGlobalSection
	GlobalSection(SolutionProperties) = preSolution
		HideSolutionNode = FALSE
	EndGlobalSection
	GlobalSection(ExtensibilityGlobals) = postSolution
		SolutionGuid = {F1236FB5-F8E5-465C-9F48-BB07F89C59F6}
	EndGlobalSection
EndGlobal
